<?xml version="1.0" encoding="utf-8"?>
<Project ToolsVersion="4.0" xmlns="http://schemas.microsoft.com/developer/msbuild/2003">
  <ItemGroup>
    <Filter Include="Source Files">
      <UniqueIdentifier>{4FC737F1-C7A5-4376-A066-2A32D752A2FF}</UniqueIdentifier>
      <Extensions>cpp;c;cc;cxx;def;odl;idl;hpj;bat;asm;asmx</Extensions>
    </Filter>
    <Filter Include="Header Files">
      <UniqueIdentifier>{93995380-89BD-4b04-88EB-625FBE52EBFB}</UniqueIdentifier>
      <Extensions>h;hpp;hxx;hm;inl;inc;xsd</Extensions>
    </Filter>
    <Filter Include="Header Files\TinyCsv">
      <UniqueIdentifier>{476b224c-cc2b-440b-b81a-dfe6470eca23}</UniqueIdentifier>
    </Filter>
  </ItemGroup>
  <ItemGroup>
    <ClCompile Include="..\..\Tests\main.cpp">
      <Filter>Source Files</Filter>
    </ClCompile>
    <ClCompile Include="..\..\Tests\TestA.cpp">
      <Filter>Source Files</Filter>
    </ClCompile>
    <ClCompile Include="..\..\Tests\TestB.cpp">
      <Filter>Source Files</Filter>
    </ClCompile>
    <ClCompile Include="..\..\Tests\TestC.cpp">
      <Filter>Source Files</Filter>
    </ClCompile>
    <ClCompile Include="..\..\Tests\z.cpp">
      <Filter>Source Files</Filter>
    </ClCompile>
  </ItemGroup>
  <ItemGroup>
    <ClInclude Include="..\..\Csv.h">
      <Filter>Header Files\TinyCsv</Filter>
    </ClInclude>
    <ClInclude Include="..\..\Fsm.h">
      <Filter>Header Files\TinyCsv</Filter>
    </ClInclude>
    <ClInclude Include="..\..\Input.h">
      <Filter>Header Files\TinyCsv</Filter>
    </ClInclude>
    <ClInclude Include="..\..\Output.h">
      <Filter>Header Files\TinyCsv</Filter>
    </ClInclude>
    <ClInclude Include="..\..\Ver.h">
      <Filter>Header Files\TinyCsv</Filter>
    </ClInclude>
    <ClInclude Include="..\..\Field.h">
      <Filter>Header Files\TinyCsv</Filter>
    </ClInclude>
    <ClInclude Include="..\..\Escape.h">
      <Filter>Header Files\TinyCsv</Filter>
    </ClInclude>
    <ClInclude Include="..\..\Char.h">
      <Filter>Header Files\TinyCsv</Filter>
    </ClInclude>
    <ClInclude Include="..\..\Debug.h">
      <Filter>Header Files\TinyCsv</Filter>
    </ClInclude>
    <ClInclude Include="..\..\Tests\Test.h">
      <Filter>Header Files</Filter>
    </ClInclude>
    <ClInclude Include="..\..\Tests\FsmChecker.h">
      <Filter>Source Files</Filter>
    </ClInclude>
  </ItemGroup>
</Project>