
Microsoft Visual Studio Solution File, Format Version 11.00
# Visual Studio 2010
Project("{8BC9CEB8-8B4A-11D0-8D11-00A0C91BC942}") = "CsvSamples", "CsvSamples.vcxproj", "{71A54719-CC2D-4040-BC82-B54BFF2A53DA}"
EndProject
Project("{8BC9CEB8-8B4A-11D0-8D11-00A0C91BC942}") = "CsvTest", "CsvTest.vcxproj", "{BA2651AD-40F1-402B-A0AD-BACBD6D9DDAD}"
EndProject
Global
	GlobalSection(SolutionConfigurationPlatforms) = preSolution
		Debug|Win32 = Debug|Win32
		Release|Win32 = Release|Win32
	EndGlobalSection
	GlobalSection(ProjectConfigurationPlatforms) = postSolution
		{71A54719-CC2D-4040-BC82-B54BFF2A53DA}.Debug|Win32.ActiveCfg = Debug|Win32
		{71A54719-CC2D-4040-BC82-B54BFF2A53DA}.Debug|Win32.Build.0 = Debug|Win32
		{71A54719-CC2D-4040-BC82-B54BFF2A53DA}.Release|Win32.ActiveCfg = Release|Win32
		{71A54719-CC2D-4040-BC82-B54BFF2A53DA}.Release|Win32.Build.0 = Release|Win32
		{BA2651AD-40F1-402B-A0AD-BACBD6D9DDAD}.Debug|Win32.ActiveCfg = Debug|Win32
		{BA2651AD-40F1-402B-A0AD-BACBD6D9DDAD}.Debug|Win32.Build.0 = Debug|Win32
		{BA2651AD-40F1-402B-A0AD-BACBD6D9DDAD}.Release|Win32.ActiveCfg = Release|Win32
		{BA2651AD-40F1-402B-A0AD-BACBD6D9DDAD}.Release|Win32.Build.0 = Release|Win32
	EndGlobalSection
	GlobalSection(SolutionProperties) = preSolution
		HideSolutionNode = FALSE
	EndGlobalSection
EndGlobal
